Microsoft Visual Studio Solution File, Format Version 12.00
# Visual Studio 15
VisualStudioVersion = 15.0.27130.2027
MinimumVisualStudioVersion = 10.0.40219.1
Project("{FAE04EC0-301F-11D3-BF4B-00C04F79EFBC}") = "Sitecore.Support.177158", "Sitecore.Support.177158\Sitecore.Support.177158.csproj", "{EFEF8925-03FB-4A87-8349-60F4AD358138}"
EndProject
Global
	GlobalSection(SolutionConfigurationPlatforms) = preSolution
		Debug|Any CPU = Debug|Any CPU
		Release|Any CPU = Release|Any CPU
	EndGlobalSection
	GlobalSection(ProjectConfigurationPlatforms) = postSolution
		{EFEF8925-03FB-4A87-8349-60F4AD358138}.Debug|Any CPU.ActiveCfg = Debug|Any CPU
		{EFEF8925-03FB-4A87-8349-60F4AD358138}.Debug|Any CPU.Build.0 = Debug|Any CPU
		{EFEF8925-03FB-4A87-8349-60F4AD358138}.Release|Any CPU.ActiveCfg = Release|Any CPU
		{EFEF8925-03FB-4A87-8349-60F4AD358138}.Release|Any CPU.Build.0 = Release|Any CPU
	EndGlobalSection
	GlobalSection(SolutionProperties) = preSolution
		HideSolutionNode = FALSE
	EndGlobalSection
	GlobalSection(ExtensibilityGlobals) = postSolution
		SolutionGuid = {F6929124-F704-4723-B2CF-C65002DB4AAF}
	EndGlobalSection
EndGlobal
